// !$*UTF8*$!
{
	archiveVersion = 1;
	classes = {
	};
	objectVersion = 56;
	objects = {

/* Begin PBXBuildFile section */
		5B0EAF192B98B77B000C8482 /* SetTempValues.swift in Sources */ = {isa = PBXBuildFile; fileRef = 5B0EAF182B98B77B000C8482 /* SetTempValues.swift */; };
		5B112F742B6FDFD8009B3111 /* Launch Screen.storyboard in Resources */ = {isa = PBXBuildFile; fileRef = 5B112F732B6FDFD8009B3111 /* Launch Screen.storyboard */; };
		5B18EC492B7E6FD900AD4A9D /* WelderView.swift in Sources */ = {isa = PBXBuildFile; fileRef = 5B18EC482B7E6FD800AD4A9D /* WelderView.swift */; };
		5B18EC4B2B7E7DD600AD4A9D /* WeldNumberView.swift in Sources */ = {isa = PBXBuildFile; fileRef = 5B18EC4A2B7E7DD600AD4A9D /* WeldNumberView.swift */; };
		5B18EC4D2B7E89A700AD4A9D /* WeldPassView.swift in Sources */ = {isa = PBXBuildFile; fileRef = 5B18EC4C2B7E89A700AD4A9D /* WeldPassView.swift */; };
		5B18EC512B7E8FF200AD4A9D /* AddJobView.swift in Sources */ = {isa = PBXBuildFile; fileRef = 5B18EC502B7E8FF200AD4A9D /* AddJobView.swift */; };
		5B18EC532B7E905900AD4A9D /* AddProcedureView.swift in Sources */ = {isa = PBXBuildFile; fileRef = 5B18EC522B7E905900AD4A9D /* AddProcedureView.swift */; };
		5B18EC552B7E907000AD4A9D /* AddWelderView.swift in Sources */ = {isa = PBXBuildFile; fileRef = 5B18EC542B7E907000AD4A9D /* AddWelderView.swift */; };
		5B18EC572B7E908C00AD4A9D /* AddWeldNumberView.swift in Sources */ = {isa = PBXBuildFile; fileRef = 5B18EC562B7E908C00AD4A9D /* AddWeldNumberView.swift */; };
		5B18EC592B7E90B000AD4A9D /* AddParametersView.swift in Sources */ = {isa = PBXBuildFile; fileRef = 5B18EC582B7E90B000AD4A9D /* AddParametersView.swift */; };
		5B303B292B7BBBA200FB8B59 /* MainViewModel.swift in Sources */ = {isa = PBXBuildFile; fileRef = 5B303B282B7BBBA200FB8B59 /* MainViewModel.swift */; };
		5B303B2B2B7BDA1F00FB8B59 /* ProcedureView.swift in Sources */ = {isa = PBXBuildFile; fileRef = 5B303B2A2B7BDA1F00FB8B59 /* ProcedureView.swift */; };
		5B34417F2B6E9C56004C87CF /* MainJobView.swift in Sources */ = {isa = PBXBuildFile; fileRef = 5B34417E2B6E9C56004C87CF /* MainJobView.swift */; };
		5B722F0B2B82A6DC00E88D82 /* KeyValueView.swift in Sources */ = {isa = PBXBuildFile; fileRef = 5B722F0A2B82A6DC00E88D82 /* KeyValueView.swift */; };
		5B722F0E2B82B04400E88D82 /* circleSlider VC.swift in Sources */ = {isa = PBXBuildFile; fileRef = 5B722F0D2B82B04400E88D82 /* circleSlider VC.swift */; };
		5B722F102B82B0D500E88D82 /* CollectParametersView.swift in Sources */ = {isa = PBXBuildFile; fileRef = 5B722F0F2B82B0D500E88D82 /* CollectParametersView.swift */; };
		5B722F122B82B83700E88D82 /* RoundStopwatchView.swift in Sources */ = {isa = PBXBuildFile; fileRef = 5B722F112B82B83700E88D82 /* RoundStopwatchView.swift */; };
		5B9649142B87946800497AB7 /* PassParameterView.swift in Sources */ = {isa = PBXBuildFile; fileRef = 5B9649132B87946800497AB7 /* PassParameterView.swift */; };
		5B9649162B87AD5100497AB7 /* KeyValueRow.swift in Sources */ = {isa = PBXBuildFile; fileRef = 5B9649152B87AD5100497AB7 /* KeyValueRow.swift */; };
		5B96491A2B87B8FF00497AB7 /* WeldingProcedureFormView.swift in Sources */ = {isa = PBXBuildFile; fileRef = 5B9649192B87B8FF00497AB7 /* WeldingProcedureFormView.swift */; };
		5B9649222B890D9600497AB7 /* RangeSlider.swift in Sources */ = {isa = PBXBuildFile; fileRef = 5B9649212B890D9600497AB7 /* RangeSlider.swift */; };
		5B9D69DF2BA1E60900272DC6 /* CalculateArcSpeed.swift in Sources */ = {isa = PBXBuildFile; fileRef = 5B9D69DE2BA1E60900272DC6 /* CalculateArcSpeed.swift */; };
		5B9D69E12BA1E61B00272DC6 /* CalculateHeatInput.swift in Sources */ = {isa = PBXBuildFile; fileRef = 5B9D69E02BA1E61B00272DC6 /* CalculateHeatInput.swift */; };
		5B9D69E32BA26B4500272DC6 /* SetSelections.swift in Sources */ = {isa = PBXBuildFile; fileRef = 5B9D69E22BA26B4500272DC6 /* SetSelections.swift */; };
		5B9D69E52BA26BD900272DC6 /* DeleteSelections.swift in Sources */ = {isa = PBXBuildFile; fileRef = 5B9D69E42BA26BD900272DC6 /* DeleteSelections.swift */; };
		5B9D69E72BA26C6500272DC6 /* AddItems.swift in Sources */ = {isa = PBXBuildFile; fileRef = 5B9D69E62BA26C6500272DC6 /* AddItems.swift */; };
		5B9D69E92BA26D0700272DC6 /* UpdateItems.swift in Sources */ = {isa = PBXBuildFile; fileRef = 5B9D69E82BA26D0700272DC6 /* UpdateItems.swift */; };
		5B9D69EB2BA26E0700272DC6 /* DataStorage.swift in Sources */ = {isa = PBXBuildFile; fileRef = 5B9D69EA2BA26E0700272DC6 /* DataStorage.swift */; };
		5B9D69ED2BA2706B00272DC6 /* DidSetItems.swift in Sources */ = {isa = PBXBuildFile; fileRef = 5B9D69EC2BA2706B00272DC6 /* DidSetItems.swift */; };
		5B9D69F02BA3704600272DC6 /* FunctionsToGroupItems.swift in Sources */ = {isa = PBXBuildFile; fileRef = 5B9D69EF2BA3704600272DC6 /* FunctionsToGroupItems.swift */; };
		5B9D69F22BA372BD00272DC6 /* MultiSelectView.swift in Sources */ = {isa = PBXBuildFile; fileRef = 5B9D69F12BA372BD00272DC6 /* MultiSelectView.swift */; };
		5BAEB6A02BA89E5D0059B45F /* ProfileView.swift in Sources */ = {isa = PBXBuildFile; fileRef = 5BAEB69F2BA89E5D0059B45F /* ProfileView.swift */; };
		5BC18E7F2B9BEE690057A4E2 /* HandleKeyAction.swift in Sources */ = {isa = PBXBuildFile; fileRef = 5BC18E7E2B9BEE690057A4E2 /* HandleKeyAction.swift */; };
		5BC43A162BA9E59400E3DF3C /* ConversionFunctions.swift in Sources */ = {isa = PBXBuildFile; fileRef = 5BC43A152BA9E59400E3DF3C /* ConversionFunctions.swift */; };
		5BEAD3422B9240FC008FAE66 /* TemporaryValueBuilder.swift in Sources */ = {isa = PBXBuildFile; fileRef = 5BEAD3412B9240FC008FAE66 /* TemporaryValueBuilder.swift */; };
		5BEAD3442B9241A8008FAE66 /* CustomSectionHeader.swift in Sources */ = {isa = PBXBuildFile; fileRef = 5BEAD3432B9241A8008FAE66 /* CustomSectionHeader.swift */; };
		5BEAD3482B93882E008FAE66 /* AddProcedurePass.swift in Sources */ = {isa = PBXBuildFile; fileRef = 5BEAD3472B93882E008FAE66 /* AddProcedurePass.swift */; };
		5BFD0B902B6E8231000EA2FA /* AppEntryPoint.swift in Sources */ = {isa = PBXBuildFile; fileRef = 5BFD0B8F2B6E8231000EA2FA /* AppEntryPoint.swift */; };
		5BFD0B942B6E8233000EA2FA /* Assets.xcassets in Resources */ = {isa = PBXBuildFile; fileRef = 5BFD0B932B6E8233000EA2FA /* Assets.xcassets */; };
		5BFD0B972B6E8233000EA2FA /* Preview Assets.xcassets in Resources */ = {isa = PBXBuildFile; fileRef = 5BFD0B962B6E8233000EA2FA /* Preview Assets.xcassets */; };
		5BFD0BA12B6E8233000EA2FA /* RewriteVersion4Tests.swift in Sources */ = {isa = PBXBuildFile; fileRef = 5BFD0BA02B6E8233000EA2FA /* RewriteVersion4Tests.swift */; };
		5BFD0BAB2B6E8233000EA2FA /* RewriteVersion4UITests.swift in Sources */ = {isa = PBXBuildFile; fileRef = 5BFD0BAA2B6E8233000EA2FA /* RewriteVersion4UITests.swift */; };
		5BFD0BAD2B6E8234000EA2FA /* RewriteVersion4UITestsLaunchTests.swift in Sources */ = {isa = PBXBuildFile; fileRef = 5BFD0BAC2B6E8234000EA2FA /* RewriteVersion4UITestsLaunchTests.swift */; };
		5BFD0BBD2B6E8313000EA2FA /* WeldingInspectorModel.swift in Sources */ = {isa = PBXBuildFile; fileRef = 5BFD0BB92B6E8313000EA2FA /* WeldingInspectorModel.swift */; };
		5BFD0BBE2B6E8313000EA2FA /* Seed.json in Resources */ = {isa = PBXBuildFile; fileRef = 5BFD0BBA2B6E8313000EA2FA /* Seed.json */; };
		5BFD0BBF2B6E8313000EA2FA /* Load_Data.swift in Sources */ = {isa = PBXBuildFile; fileRef = 5BFD0BBB2B6E8313000EA2FA /* Load_Data.swift */; };
		5BFD0BC02B6E8313000EA2FA /* StorageFunctions.swift in Sources */ = {isa = PBXBuildFile; fileRef = 5BFD0BBC2B6E8313000EA2FA /* StorageFunctions.swift */; };
/* End PBXBuildFile section */

/* Begin PBXContainerItemProxy section */
		5BFD0B9D2B6E8233000EA2FA /* PBXContainerItemProxy */ = {
			isa = PBXContainerItemProxy;
			containerPortal = 5BFD0B842B6E8231000EA2FA /* Project object */;
			proxyType = 1;
			remoteGlobalIDString = 5BFD0B8B2B6E8231000EA2FA;
			remoteInfo = RewriteVersion4;
		};
		5BFD0BA72B6E8233000EA2FA /* PBXContainerItemProxy */ = {
			isa = PBXContainerItemProxy;
			containerPortal = 5BFD0B842B6E8231000EA2FA /* Project object */;
			proxyType = 1;
			remoteGlobalIDString = 5BFD0B8B2B6E8231000EA2FA;
			remoteInfo = RewriteVersion4;
		};
/* End PBXContainerItemProxy section */

/* Begin PBXFileReference section */
		5B0EAF182B98B77B000C8482 /* SetTempValues.swift */ = {isa = PBXFileReference; lastKnownFileType = sourcecode.swift; path = SetTempValues.swift; sourceTree = "<group>"; };
		5B112F732B6FDFD8009B3111 /* Launch Screen.storyboard */ = {isa = PBXFileReference; lastKnownFileType = file.storyboard; path = "Launch Screen.storyboard"; sourceTree = "<group>"; };
		5B18EC482B7E6FD800AD4A9D /* WelderView.swift */ = {isa = PBXFileReference; lastKnownFileType = sourcecode.swift; path = WelderView.swift; sourceTree = "<group>"; };
		5B18EC4A2B7E7DD600AD4A9D /* WeldNumberView.swift */ = {isa = PBXFileReference; lastKnownFileType = sourcecode.swift; path = WeldNumberView.swift; sourceTree = "<group>"; };
		5B18EC4C2B7E89A700AD4A9D /* WeldPassView.swift */ = {isa = PBXFileReference; lastKnownFileType = sourcecode.swift; path = WeldPassView.swift; sourceTree = "<group>"; };
		5B18EC502B7E8FF200AD4A9D /* AddJobView.swift */ = {isa = PBXFileReference; lastKnownFileType = sourcecode.swift; path = AddJobView.swift; sourceTree = "<group>"; };
		5B18EC522B7E905900AD4A9D /* AddProcedureView.swift */ = {isa = PBXFileReference; lastKnownFileType = sourcecode.swift; path = AddProcedureView.swift; sourceTree = "<group>"; };
		5B18EC542B7E907000AD4A9D /* AddWelderView.swift */ = {isa = PBXFileReference; lastKnownFileType = sourcecode.swift; path = AddWelderView.swift; sourceTree = "<group>"; };
		5B18EC562B7E908C00AD4A9D /* AddWeldNumberView.swift */ = {isa = PBXFileReference; lastKnownFileType = sourcecode.swift; path = AddWeldNumberView.swift; sourceTree = "<group>"; };
		5B18EC582B7E90B000AD4A9D /* AddParametersView.swift */ = {isa = PBXFileReference; lastKnownFileType = sourcecode.swift; path = AddParametersView.swift; sourceTree = "<group>"; };
		5B303B282B7BBBA200FB8B59 /* MainViewModel.swift */ = {isa = PBXFileReference; lastKnownFileType = sourcecode.swift; path = MainViewModel.swift; sourceTree = "<group>"; };
		5B303B2A2B7BDA1F00FB8B59 /* ProcedureView.swift */ = {isa = PBXFileReference; lastKnownFileType = sourcecode.swift; path = ProcedureView.swift; sourceTree = "<group>"; };
		5B34417E2B6E9C56004C87CF /* MainJobView.swift */ = {isa = PBXFileReference; lastKnownFileType = sourcecode.swift; path = MainJobView.swift; sourceTree = "<group>"; };
		5B722F0A2B82A6DC00E88D82 /* KeyValueView.swift */ = {isa = PBXFileReference; lastKnownFileType = sourcecode.swift; path = KeyValueView.swift; sourceTree = "<group>"; };
		5B722F0D2B82B04400E88D82 /* circleSlider VC.swift */ = {isa = PBXFileReference; fileEncoding = 4; lastKnownFileType = sourcecode.swift; path = "circleSlider VC.swift"; sourceTree = "<group>"; };
		5B722F0F2B82B0D500E88D82 /* CollectParametersView.swift */ = {isa = PBXFileReference; lastKnownFileType = sourcecode.swift; path = CollectParametersView.swift; sourceTree = "<group>"; };
		5B722F112B82B83700E88D82 /* RoundStopwatchView.swift */ = {isa = PBXFileReference; lastKnownFileType = sourcecode.swift; path = RoundStopwatchView.swift; sourceTree = "<group>"; };
		5B9649132B87946800497AB7 /* PassParameterView.swift */ = {isa = PBXFileReference; lastKnownFileType = sourcecode.swift; path = PassParameterView.swift; sourceTree = "<group>"; };
		5B9649152B87AD5100497AB7 /* KeyValueRow.swift */ = {isa = PBXFileReference; lastKnownFileType = sourcecode.swift; path = KeyValueRow.swift; sourceTree = "<group>"; };
		5B9649192B87B8FF00497AB7 /* WeldingProcedureFormView.swift */ = {isa = PBXFileReference; lastKnownFileType = sourcecode.swift; path = WeldingProcedureFormView.swift; sourceTree = "<group>"; };
		5B9649212B890D9600497AB7 /* RangeSlider.swift */ = {isa = PBXFileReference; lastKnownFileType = sourcecode.swift; path = RangeSlider.swift; sourceTree = "<group>"; };
		5B9D69DE2BA1E60900272DC6 /* CalculateArcSpeed.swift */ = {isa = PBXFileReference; lastKnownFileType = sourcecode.swift; path = CalculateArcSpeed.swift; sourceTree = "<group>"; };
		5B9D69E02BA1E61B00272DC6 /* CalculateHeatInput.swift */ = {isa = PBXFileReference; lastKnownFileType = sourcecode.swift; path = CalculateHeatInput.swift; sourceTree = "<group>"; };
		5B9D69E22BA26B4500272DC6 /* SetSelections.swift */ = {isa = PBXFileReference; lastKnownFileType = sourcecode.swift; path = SetSelections.swift; sourceTree = "<group>"; };
		5B9D69E42BA26BD900272DC6 /* DeleteSelections.swift */ = {isa = PBXFileReference; lastKnownFileType = sourcecode.swift; path = DeleteSelections.swift; sourceTree = "<group>"; };
		5B9D69E62BA26C6500272DC6 /* AddItems.swift */ = {isa = PBXFileReference; lastKnownFileType = sourcecode.swift; path = AddItems.swift; sourceTree = "<group>"; };
		5B9D69E82BA26D0700272DC6 /* UpdateItems.swift */ = {isa = PBXFileReference; lastKnownFileType = sourcecode.swift; path = UpdateItems.swift; sourceTree = "<group>"; };
		5B9D69EA2BA26E0700272DC6 /* DataStorage.swift */ = {isa = PBXFileReference; lastKnownFileType = sourcecode.swift; path = DataStorage.swift; sourceTree = "<group>"; };
		5B9D69EC2BA2706B00272DC6 /* DidSetItems.swift */ = {isa = PBXFileReference; lastKnownFileType = sourcecode.swift; path = DidSetItems.swift; sourceTree = "<group>"; };
		5B9D69EF2BA3704600272DC6 /* FunctionsToGroupItems.swift */ = {isa = PBXFileReference; lastKnownFileType = sourcecode.swift; path = FunctionsToGroupItems.swift; sourceTree = "<group>"; };
		5B9D69F12BA372BD00272DC6 /* MultiSelectView.swift */ = {isa = PBXFileReference; lastKnownFileType = sourcecode.swift; path = MultiSelectView.swift; sourceTree = "<group>"; };
		5BAEB69F2BA89E5D0059B45F /* ProfileView.swift */ = {isa = PBXFileReference; lastKnownFileType = sourcecode.swift; path = ProfileView.swift; sourceTree = "<group>"; };
		5BC18E7E2B9BEE690057A4E2 /* HandleKeyAction.swift */ = {isa = PBXFileReference; lastKnownFileType = sourcecode.swift; path = HandleKeyAction.swift; sourceTree = "<group>"; };
		5BC43A152BA9E59400E3DF3C /* ConversionFunctions.swift */ = {isa = PBXFileReference; lastKnownFileType = sourcecode.swift; path = ConversionFunctions.swift; sourceTree = "<group>"; };
		5BEAD3412B9240FC008FAE66 /* TemporaryValueBuilder.swift */ = {isa = PBXFileReference; lastKnownFileType = sourcecode.swift; path = TemporaryValueBuilder.swift; sourceTree = "<group>"; };
		5BEAD3432B9241A8008FAE66 /* CustomSectionHeader.swift */ = {isa = PBXFileReference; lastKnownFileType = sourcecode.swift; path = CustomSectionHeader.swift; sourceTree = "<group>"; };
		5BEAD3472B93882E008FAE66 /* AddProcedurePass.swift */ = {isa = PBXFileReference; lastKnownFileType = sourcecode.swift; path = AddProcedurePass.swift; sourceTree = "<group>"; };
		5BFD0B8C2B6E8231000EA2FA /* RewriteVersion4.app */ = {isa = PBXFileReference; explicitFileType = wrapper.application; includeInIndex = 0; path = RewriteVersion4.app; sourceTree = BUILT_PRODUCTS_DIR; };
		5BFD0B8F2B6E8231000EA2FA /* AppEntryPoint.swift */ = {isa = PBXFileReference; lastKnownFileType = sourcecode.swift; path = AppEntryPoint.swift; sourceTree = "<group>"; };
		5BFD0B932B6E8233000EA2FA /* Assets.xcassets */ = {isa = PBXFileReference; lastKnownFileType = folder.assetcatalog; path = Assets.xcassets; sourceTree = "<group>"; };
		5BFD0B962B6E8233000EA2FA /* Preview Assets.xcassets */ = {isa = PBXFileReference; lastKnownFileType = folder.assetcatalog; path = "Preview Assets.xcassets"; sourceTree = "<group>"; };
		5BFD0B9C2B6E8233000EA2FA /* RewriteVersion4Tests.xctest */ = {isa = PBXFileReference; explicitFileType = wrapper.cfbundle; includeInIndex = 0; path = RewriteVersion4Tests.xctest; sourceTree = BUILT_PRODUCTS_DIR; };
		5BFD0BA02B6E8233000EA2FA /* RewriteVersion4Tests.swift */ = {isa = PBXFileReference; lastKnownFileType = sourcecode.swift; path = RewriteVersion4Tests.swift; sourceTree = "<group>"; };
		5BFD0BA62B6E8233000EA2FA /* RewriteVersion4UITests.xctest */ = {isa = PBXFileReference; explicitFileType = wrapper.cfbundle; includeInIndex = 0; path = RewriteVersion4UITests.xctest; sourceTree = BUILT_PRODUCTS_DIR; };
		5BFD0BAA2B6E8233000EA2FA /* RewriteVersion4UITests.swift */ = {isa = PBXFileReference; lastKnownFileType = sourcecode.swift; path = RewriteVersion4UITests.swift; sourceTree = "<group>"; };
		5BFD0BAC2B6E8234000EA2FA /* RewriteVersion4UITestsLaunchTests.swift */ = {isa = PBXFileReference; lastKnownFileType = sourcecode.swift; path = RewriteVersion4UITestsLaunchTests.swift; sourceTree = "<group>"; };
		5BFD0BB92B6E8313000EA2FA /* WeldingInspectorModel.swift */ = {isa = PBXFileReference; fileEncoding = 4; lastKnownFileType = sourcecode.swift; path = WeldingInspectorModel.swift; sourceTree = "<group>"; };
		5BFD0BBA2B6E8313000EA2FA /* Seed.json */ = {isa = PBXFileReference; fileEncoding = 4; lastKnownFileType = text.json; path = Seed.json; sourceTree = "<group>"; };
		5BFD0BBB2B6E8313000EA2FA /* Load_Data.swift */ = {isa = PBXFileReference; fileEncoding = 4; lastKnownFileType = sourcecode.swift; path = Load_Data.swift; sourceTree = "<group>"; };
		5BFD0BBC2B6E8313000EA2FA /* StorageFunctions.swift */ = {isa = PBXFileReference; fileEncoding = 4; lastKnownFileType = sourcecode.swift; path = StorageFunctions.swift; sourceTree = "<group>"; };
/* End PBXFileReference section */

/* Begin PBXFrameworksBuildPhase section */
		5BFD0B892B6E8231000EA2FA /* Frameworks */ = {
			isa = PBXFrameworksBuildPhase;
			buildActionMask = 2147483647;
			files = (
			);
			runOnlyForDeploymentPostprocessing = 0;
		};
		5BFD0B992B6E8233000EA2FA /* Frameworks */ = {
			isa = PBXFrameworksBuildPhase;
			buildActionMask = 2147483647;
			files = (
			);
			runOnlyForDeploymentPostprocessing = 0;
		};
		5BFD0BA32B6E8233000EA2FA /* Frameworks */ = {
			isa = PBXFrameworksBuildPhase;
			buildActionMask = 2147483647;
			files = (
			);
			runOnlyForDeploymentPostprocessing = 0;
		};
/* End PBXFrameworksBuildPhase section */

/* Begin PBXGroup section */
		5B18EC4E2B7E8EB000AD4A9D /* NavigationViews */ = {
			isa = PBXGroup;
			children = (
				5B34417E2B6E9C56004C87CF /* MainJobView.swift */,
				5B303B2A2B7BDA1F00FB8B59 /* ProcedureView.swift */,
				5B18EC482B7E6FD800AD4A9D /* WelderView.swift */,
				5B18EC4A2B7E7DD600AD4A9D /* WeldNumberView.swift */,
				5B18EC4C2B7E89A700AD4A9D /* WeldPassView.swift */,
				5B9649132B87946800497AB7 /* PassParameterView.swift */,
			);
			path = NavigationViews;
			sourceTree = "<group>";
		};
		5B18EC4F2B7E8EF700AD4A9D /* Edit_Add_Views */ = {
			isa = PBXGroup;
			children = (
				5B18EC502B7E8FF200AD4A9D /* AddJobView.swift */,
				5B18EC522B7E905900AD4A9D /* AddProcedureView.swift */,
				5BEAD3472B93882E008FAE66 /* AddProcedurePass.swift */,
				5B18EC542B7E907000AD4A9D /* AddWelderView.swift */,
				5B18EC562B7E908C00AD4A9D /* AddWeldNumberView.swift */,
				5B18EC582B7E90B000AD4A9D /* AddParametersView.swift */,
				5B722F0F2B82B0D500E88D82 /* CollectParametersView.swift */,
				5B9649192B87B8FF00497AB7 /* WeldingProcedureFormView.swift */,
			);
			path = Edit_Add_Views;
			sourceTree = "<group>";
		};
		5B303B272B7BBB8800FB8B59 /* ViewModels */ = {
			isa = PBXGroup;
			children = (
				5B303B282B7BBBA200FB8B59 /* MainViewModel.swift */,
				5BAEB69F2BA89E5D0059B45F /* ProfileView.swift */,
				5B9D69EE2BA2777400272DC6 /* ViewModelExtentions */,
			);
			path = ViewModels;
			sourceTree = "<group>";
		};
		5B722F0C2B82A71D00E88D82 /* HelperViews */ = {
			isa = PBXGroup;
			children = (
				5B9649212B890D9600497AB7 /* RangeSlider.swift */,
				5BEAD3432B9241A8008FAE66 /* CustomSectionHeader.swift */,
				5B9649152B87AD5100497AB7 /* KeyValueRow.swift */,
				5B722F0A2B82A6DC00E88D82 /* KeyValueView.swift */,
				5B722F0D2B82B04400E88D82 /* circleSlider VC.swift */,
				5B722F112B82B83700E88D82 /* RoundStopwatchView.swift */,
				5B9D69F12BA372BD00272DC6 /* MultiSelectView.swift */,
			);
			path = HelperViews;
			sourceTree = "<group>";
		};
		5B9D69EE2BA2777400272DC6 /* ViewModelExtentions */ = {
			isa = PBXGroup;
			children = (
				5B9D69EA2BA26E0700272DC6 /* DataStorage.swift */,
				5B9D69EC2BA2706B00272DC6 /* DidSetItems.swift */,
				5B9D69E22BA26B4500272DC6 /* SetSelections.swift */,
				5B9D69E42BA26BD900272DC6 /* DeleteSelections.swift */,
				5B9D69E62BA26C6500272DC6 /* AddItems.swift */,
				5B9D69E82BA26D0700272DC6 /* UpdateItems.swift */,
				5B9D69EF2BA3704600272DC6 /* FunctionsToGroupItems.swift */,
				5BC43A152BA9E59400E3DF3C /* ConversionFunctions.swift */,
			);
			path = ViewModelExtentions;
			sourceTree = "<group>";
		};
		5BEAD33E2B923FD6008FAE66 /* HelperFunctions */ = {
			isa = PBXGroup;
			children = (
				5B9D69DE2BA1E60900272DC6 /* CalculateArcSpeed.swift */,
				5B9D69E02BA1E61B00272DC6 /* CalculateHeatInput.swift */,
				5BC18E7E2B9BEE690057A4E2 /* HandleKeyAction.swift */,
				5BEAD3412B9240FC008FAE66 /* TemporaryValueBuilder.swift */,
				5B0EAF182B98B77B000C8482 /* SetTempValues.swift */,
			);
			path = HelperFunctions;
			sourceTree = "<group>";
		};
		5BFD0B832B6E8231000EA2FA = {
			isa = PBXGroup;
			children = (
				5BFD0B8E2B6E8231000EA2FA /* RewriteVersion4 */,
				5BFD0B9F2B6E8233000EA2FA /* RewriteVersion4Tests */,
				5BFD0BA92B6E8233000EA2FA /* RewriteVersion4UITests */,
				5BFD0B8D2B6E8231000EA2FA /* Products */,
			);
			sourceTree = "<group>";
		};
		5BFD0B8D2B6E8231000EA2FA /* Products */ = {
			isa = PBXGroup;
			children = (
				5BFD0B8C2B6E8231000EA2FA /* RewriteVersion4.app */,
				5BFD0B9C2B6E8233000EA2FA /* RewriteVersion4Tests.xctest */,
				5BFD0BA62B6E8233000EA2FA /* RewriteVersion4UITests.xctest */,
			);
			name = Products;
			sourceTree = "<group>";
		};
		5BFD0B8E2B6E8231000EA2FA /* RewriteVersion4 */ = {
			isa = PBXGroup;
			children = (
				5B112F732B6FDFD8009B3111 /* Launch Screen.storyboard */,
				5BFD0B8F2B6E8231000EA2FA /* AppEntryPoint.swift */,
				5BFD0BBA2B6E8313000EA2FA /* Seed.json */,
				5B18EC4E2B7E8EB000AD4A9D /* NavigationViews */,
				5B18EC4F2B7E8EF700AD4A9D /* Edit_Add_Views */,
				5B722F0C2B82A71D00E88D82 /* HelperViews */,
				5BEAD33E2B923FD6008FAE66 /* HelperFunctions */,
				5B303B272B7BBB8800FB8B59 /* ViewModels */,
				5BFD0BC22B6E839F000EA2FA /* WeldingDataStorage */,
				5BFD0BC12B6E833A000EA2FA /* WeldingDataModels */,
				5BFD0B932B6E8233000EA2FA /* Assets.xcassets */,
				5BFD0B952B6E8233000EA2FA /* Preview Content */,
			);
			path = RewriteVersion4;
			sourceTree = "<group>";
		};
		5BFD0B952B6E8233000EA2FA /* Preview Content */ = {
			isa = PBXGroup;
			children = (
				5BFD0B962B6E8233000EA2FA /* Preview Assets.xcassets */,
			);
			path = "Preview Content";
			sourceTree = "<group>";
		};
		5BFD0B9F2B6E8233000EA2FA /* RewriteVersion4Tests */ = {
			isa = PBXGroup;
			children = (
				5BFD0BA02B6E8233000EA2FA /* RewriteVersion4Tests.swift */,
			);
			path = RewriteVersion4Tests;
			sourceTree = "<group>";
		};
		5BFD0BA92B6E8233000EA2FA /* RewriteVersion4UITests */ = {
			isa = PBXGroup;
			children = (
				5BFD0BAA2B6E8233000EA2FA /* RewriteVersion4UITests.swift */,
				5BFD0BAC2B6E8234000EA2FA /* RewriteVersion4UITestsLaunchTests.swift */,
			);
			path = RewriteVersion4UITests;
			sourceTree = "<group>";
		};
		5BFD0BC12B6E833A000EA2FA /* WeldingDataModels */ = {
			isa = PBXGroup;
			children = (
				5BFD0BB92B6E8313000EA2FA /* WeldingInspectorModel.swift */,
				5BFD0BBB2B6E8313000EA2FA /* Load_Data.swift */,
			);
			path = WeldingDataModels;
			sourceTree = "<group>";
		};
		5BFD0BC22B6E839F000EA2FA /* WeldingDataStorage */ = {
			isa = PBXGroup;
			children = (
				5BFD0BBC2B6E8313000EA2FA /* StorageFunctions.swift */,
			);
			path = WeldingDataStorage;
			sourceTree = "<group>";
		};
/* End PBXGroup section */

/* Begin PBXNativeTarget section */
		5BFD0B8B2B6E8231000EA2FA /* RewriteVersion4 */ = {
			isa = PBXNativeTarget;
			buildConfigurationList = 5BFD0BB02B6E8234000EA2FA /* Build configuration list for PBXNativeTarget "RewriteVersion4" */;
			buildPhases = (
				5BFD0B882B6E8231000EA2FA /* Sources */,
				5BFD0B892B6E8231000EA2FA /* Frameworks */,
				5BFD0B8A2B6E8231000EA2FA /* Resources */,
			);
			buildRules = (
			);
			dependencies = (
			);
			name = RewriteVersion4;
			productName = RewriteVersion4;
			productReference = 5BFD0B8C2B6E8231000EA2FA /* RewriteVersion4.app */;
			productType = "com.apple.product-type.application";
		};
		5BFD0B9B2B6E8233000EA2FA /* RewriteVersion4Tests */ = {
			isa = PBXNativeTarget;
			buildConfigurationList = 5BFD0BB32B6E8234000EA2FA /* Build configuration list for PBXNativeTarget "RewriteVersion4Tests" */;
			buildPhases = (
				5BFD0B982B6E8233000EA2FA /* Sources */,
				5BFD0B992B6E8233000EA2FA /* Frameworks */,
				5BFD0B9A2B6E8233000EA2FA /* Resources */,
			);
			buildRules = (
			);
			dependencies = (
				5BFD0B9E2B6E8233000EA2FA /* PBXTargetDependency */,
			);
			name = RewriteVersion4Tests;
			productName = RewriteVersion4Tests;
			productReference = 5BFD0B9C2B6E8233000EA2FA /* RewriteVersion4Tests.xctest */;
			productType = "com.apple.product-type.bundle.unit-test";
		};
		5BFD0BA52B6E8233000EA2FA /* RewriteVersion4UITests */ = {
			isa = PBXNativeTarget;
			buildConfigurationList = 5BFD0BB62B6E8234000EA2FA /* Build configuration list for PBXNativeTarget "RewriteVersion4UITests" */;
			buildPhases = (
				5BFD0BA22B6E8233000EA2FA /* Sources */,
				5BFD0BA32B6E8233000EA2FA /* Frameworks */,
				5BFD0BA42B6E8233000EA2FA /* Resources */,
			);
			buildRules = (
			);
			dependencies = (
				5BFD0BA82B6E8233000EA2FA /* PBXTargetDependency */,
			);
			name = RewriteVersion4UITests;
			productName = RewriteVersion4UITests;
			productReference = 5BFD0BA62B6E8233000EA2FA /* RewriteVersion4UITests.xctest */;
			productType = "com.apple.product-type.bundle.ui-testing";
		};
/* End PBXNativeTarget section */

/* Begin PBXProject section */
		5BFD0B842B6E8231000EA2FA /* Project object */ = {
			isa = PBXProject;
			attributes = {
				BuildIndependentTargetsInParallel = 1;
				LastSwiftUpdateCheck = 1510;
				LastUpgradeCheck = 1510;
				TargetAttributes = {
					5BFD0B8B2B6E8231000EA2FA = {
						CreatedOnToolsVersion = 15.1;
					};
					5BFD0B9B2B6E8233000EA2FA = {
						CreatedOnToolsVersion = 15.1;
						TestTargetID = 5BFD0B8B2B6E8231000EA2FA;
					};
					5BFD0BA52B6E8233000EA2FA = {
						CreatedOnToolsVersion = 15.1;
						TestTargetID = 5BFD0B8B2B6E8231000EA2FA;
					};
				};
			};
			buildConfigurationList = 5BFD0B872B6E8231000EA2FA /* Build configuration list for PBXProject "RewriteVersion4" */;
			compatibilityVersion = "Xcode 14.0";
			developmentRegion = en;
			hasScannedForEncodings = 0;
			knownRegions = (
				en,
				Base,
			);
			mainGroup = 5BFD0B832B6E8231000EA2FA;
			productRefGroup = 5BFD0B8D2B6E8231000EA2FA /* Products */;
			projectDirPath = "";
			projectRoot = "";
			targets = (
				5BFD0B8B2B6E8231000EA2FA /* RewriteVersion4 */,
				5BFD0B9B2B6E8233000EA2FA /* RewriteVersion4Tests */,
				5BFD0BA52B6E8233000EA2FA /* RewriteVersion4UITests */,
			);
		};
/* End PBXProject section */

/* Begin PBXResourcesBuildPhase section */
		5BFD0B8A2B6E8231000EA2FA /* Resources */ = {
			isa = PBXResourcesBuildPhase;
			buildActionMask = 2147483647;
			files = (
				5BFD0B972B6E8233000EA2FA /* Preview Assets.xcassets in Resources */,
				5BFD0B942B6E8233000EA2FA /* Assets.xcassets in Resources */,
				5B112F742B6FDFD8009B3111 /* Launch Screen.storyboard in Resources */,
				5BFD0BBE2B6E8313000EA2FA /* Seed.json in Resources */,
			);
			runOnlyForDeploymentPostprocessing = 0;
		};
		5BFD0B9A2B6E8233000EA2FA /* Resources */ = {
			isa = PBXResourcesBuildPhase;
			buildActionMask = 2147483647;
			files = (
			);
			runOnlyForDeploymentPostprocessing = 0;
		};
		5BFD0BA42B6E8233000EA2FA /* Resources */ = {
			isa = PBXResourcesBuildPhase;
			buildActionMask = 2147483647;
			files = (
			);
			runOnlyForDeploymentPostprocessing = 0;
		};
/* End PBXResourcesBuildPhase section */

/* Begin PBXSourcesBuildPhase section */
		5BFD0B882B6E8231000EA2FA /* Sources */ = {
			isa = PBXSourcesBuildPhase;
			buildActionMask = 2147483647;
			files = (
				5B9649162B87AD5100497AB7 /* KeyValueRow.swift in Sources */,
				5B9D69E32BA26B4500272DC6 /* SetSelections.swift in Sources */,
				5B722F0E2B82B04400E88D82 /* circleSlider VC.swift in Sources */,
				5BC43A162BA9E59400E3DF3C /* ConversionFunctions.swift in Sources */,
				5B96491A2B87B8FF00497AB7 /* WeldingProcedureFormView.swift in Sources */,
				5B18EC4B2B7E7DD600AD4A9D /* WeldNumberView.swift in Sources */,
				5BEAD3422B9240FC008FAE66 /* TemporaryValueBuilder.swift in Sources */,
				5B9D69E52BA26BD900272DC6 /* DeleteSelections.swift in Sources */,
				5B34417F2B6E9C56004C87CF /* MainJobView.swift in Sources */,
				5B303B2B2B7BDA1F00FB8B59 /* ProcedureView.swift in Sources */,
				5B9649222B890D9600497AB7 /* RangeSlider.swift in Sources */,
				5BC18E7F2B9BEE690057A4E2 /* HandleKeyAction.swift in Sources */,
				5B722F102B82B0D500E88D82 /* CollectParametersView.swift in Sources */,
				5B18EC532B7E905900AD4A9D /* AddProcedureView.swift in Sources */,
				5B18EC492B7E6FD900AD4A9D /* WelderView.swift in Sources */,
				5BFD0BBD2B6E8313000EA2FA /* WeldingInspectorModel.swift in Sources */,
				5B18EC552B7E907000AD4A9D /* AddWelderView.swift in Sources */,
				5B18EC512B7E8FF200AD4A9D /* AddJobView.swift in Sources */,
				5B18EC4D2B7E89A700AD4A9D /* WeldPassView.swift in Sources */,
				5B9D69F02BA3704600272DC6 /* FunctionsToGroupItems.swift in Sources */,
				5B9D69ED2BA2706B00272DC6 /* DidSetItems.swift in Sources */,
				5B722F0B2B82A6DC00E88D82 /* KeyValueView.swift in Sources */,
				5B9D69F22BA372BD00272DC6 /* MultiSelectView.swift in Sources */,
				5B9D69EB2BA26E0700272DC6 /* DataStorage.swift in Sources */,
				5B0EAF192B98B77B000C8482 /* SetTempValues.swift in Sources */,
				5B9D69E12BA1E61B00272DC6 /* CalculateHeatInput.swift in Sources */,
				5BEAD3482B93882E008FAE66 /* AddProcedurePass.swift in Sources */,
				5B18EC592B7E90B000AD4A9D /* AddParametersView.swift in Sources */,
				5BEAD3442B9241A8008FAE66 /* CustomSectionHeader.swift in Sources */,
				5B9D69E92BA26D0700272DC6 /* UpdateItems.swift in Sources */,
				5B9D69E72BA26C6500272DC6 /* AddItems.swift in Sources */,
				5BFD0B902B6E8231000EA2FA /* AppEntryPoint.swift in Sources */,
				5BAEB6A02BA89E5D0059B45F /* ProfileView.swift in Sources */,
				5B722F122B82B83700E88D82 /* RoundStopwatchView.swift in Sources */,
				5BFD0BC02B6E8313000EA2FA /* StorageFunctions.swift in Sources */,
				5BFD0BBF2B6E8313000EA2FA /* Load_Data.swift in Sources */,
				5B9649142B87946800497AB7 /* PassParameterView.swift in Sources */,
				5B303B292B7BBBA200FB8B59 /* MainViewModel.swift in Sources */,
				5B18EC572B7E908C00AD4A9D /* AddWeldNumberView.swift in Sources */,
				5B9D69DF2BA1E60900272DC6 /* CalculateArcSpeed.swift in Sources */,
			);
			runOnlyForDeploymentPostprocessing = 0;
		};
		5BFD0B982B6E8233000EA2FA /* Sources */ = {
			isa = PBXSourcesBuildPhase;
			buildActionMask = 2147483647;
			files = (
				5BFD0BA12B6E8233000EA2FA /* RewriteVersion4Tests.swift in Sources */,
			);
			runOnlyForDeploymentPostprocessing = 0;
		};
		5BFD0BA22B6E8233000EA2FA /* Sources */ = {
			isa = PBXSourcesBuildPhase;
			buildActionMask = 2147483647;
			files = (
				5BFD0BAB2B6E8233000EA2FA /* RewriteVersion4UITests.swift in Sources */,
				5BFD0BAD2B6E8234000EA2FA /* RewriteVersion4UITestsLaunchTests.swift in Sources */,
			);
			runOnlyForDeploymentPostprocessing = 0;
		};
/* End PBXSourcesBuildPhase section */

/* Begin PBXTargetDependency section */
		5BFD0B9E2B6E8233000EA2FA /* PBXTargetDependency */ = {
			isa = PBXTargetDependency;
			target = 5BFD0B8B2B6E8231000EA2FA /* RewriteVersion4 */;
			targetProxy = 5BFD0B9D2B6E8233000EA2FA /* PBXContainerItemProxy */;
		};
		5BFD0BA82B6E8233000EA2FA /* PBXTargetDependency */ = {
			isa = PBXTargetDependency;
			target = 5BFD0B8B2B6E8231000EA2FA /* RewriteVersion4 */;
			targetProxy = 5BFD0BA72B6E8233000EA2FA /* PBXContainerItemProxy */;
		};
/* End PBXTargetDependency section */

/* Begin XCBuildConfiguration section */
		5BFD0BAE2B6E8234000EA2FA /* Debug */ = {
			isa = XCBuildConfiguration;
			buildSettings = {
				ALWAYS_SEARCH_USER_PATHS = NO;
				ASSETCATALOG_COMPILER_GENERATE_SWIFT_ASSET_SYMBOL_EXTENSIONS = YES;
				CLANG_ANALYZER_NONNULL = YES;
				CLANG_ANALYZER_NUMBER_OBJECT_CONVERSION = YES_AGGRESSIVE;
				CLANG_CXX_LANGUAGE_STANDARD = "gnu++20";
				CLANG_ENABLE_MODULES = YES;
				CLANG_ENABLE_OBJC_ARC = YES;
				CLANG_ENABLE_OBJC_WEAK = YES;
				CLANG_WARN_BLOCK_CAPTURE_AUTORELEASING = YES;
				CLANG_WARN_BOOL_CONVERSION = YES;
				CLANG_WARN_COMMA = YES;
				CLANG_WARN_CONSTANT_CONVERSION = YES;
				CLANG_WARN_DEPRECATED_OBJC_IMPLEMENTATIONS = YES;
				CLANG_WARN_DIRECT_OBJC_ISA_USAGE = YES_ERROR;
				CLANG_WARN_DOCUMENTATION_COMMENTS = YES;
				CLANG_WARN_EMPTY_BODY = YES;
				CLANG_WARN_ENUM_CONVERSION = YES;
				CLANG_WARN_INFINITE_RECURSION = YES;
				CLANG_WARN_INT_CONVERSION = YES;
				CLANG_WARN_NON_LITERAL_NULL_CONVERSION = YES;
				CLANG_WARN_OBJC_IMPLICIT_RETAIN_SELF = YES;
				CLANG_WARN_OBJC_LITERAL_CONVERSION = YES;
				CLANG_WARN_OBJC_ROOT_CLASS = YES_ERROR;
				CLANG_WARN_QUOTED_INCLUDE_IN_FRAMEWORK_HEADER = YES;
				CLANG_WARN_RANGE_LOOP_ANALYSIS = YES;
				CLANG_WARN_STRICT_PROTOTYPES = YES;
				CLANG_WARN_SUSPICIOUS_MOVE = YES;
				CLANG_WARN_UNGUARDED_AVAILABILITY = YES_AGGRESSIVE;
				CLANG_WARN_UNREACHABLE_CODE = YES;
				CLANG_WARN__DUPLICATE_METHOD_MATCH = YES;
				COPY_PHASE_STRIP = NO;
				DEBUG_INFORMATION_FORMAT = dwarf;
				ENABLE_STRICT_OBJC_MSGSEND = YES;
				ENABLE_TESTABILITY = YES;
				ENABLE_USER_SCRIPT_SANDBOXING = YES;
				GCC_C_LANGUAGE_STANDARD = gnu17;
				GCC_DYNAMIC_NO_PIC = NO;
				GCC_NO_COMMON_BLOCKS = YES;
				GCC_OPTIMIZATION_LEVEL = 0;
				GCC_PREPROCESSOR_DEFINITIONS = (
					"DEBUG=1",
					"$(inherited)",
				);
				GCC_WARN_64_TO_32_BIT_CONVERSION = YES;
				GCC_WARN_ABOUT_RETURN_TYPE = YES_ERROR;
				GCC_WARN_UNDECLARED_SELECTOR = YES;
				GCC_WARN_UNINITIALIZED_AUTOS = YES_AGGRESSIVE;
				GCC_WARN_UNUSED_FUNCTION = YES;
				GCC_WARN_UNUSED_VARIABLE = YES;
				IPHONEOS_DEPLOYMENT_TARGET = 17.2;
				LOCALIZATION_PREFERS_STRING_CATALOGS = YES;
				MTL_ENABLE_DEBUG_INFO = INCLUDE_SOURCE;
				MTL_FAST_MATH = YES;
				ONLY_ACTIVE_ARCH = YES;
				SDKROOT = iphoneos;
				SWIFT_ACTIVE_COMPILATION_CONDITIONS = "DEBUG $(inherited)";
				SWIFT_OPTIMIZATION_LEVEL = "-Onone";
			};
			name = Debug;
		};
		5BFD0BAF2B6E8234000EA2FA /* Release */ = {
			isa = XCBuildConfiguration;
			buildSettings = {
				ALWAYS_SEARCH_USER_PATHS = NO;
				ASSETCATALOG_COMPILER_GENERATE_SWIFT_ASSET_SYMBOL_EXTENSIONS = YES;
				CLANG_ANALYZER_NONNULL = YES;
				CLANG_ANALYZER_NUMBER_OBJECT_CONVERSION = YES_AGGRESSIVE;
				CLANG_CXX_LANGUAGE_STANDARD = "gnu++20";
				CLANG_ENABLE_MODULES = YES;
				CLANG_ENABLE_OBJC_ARC = YES;
				CLANG_ENABLE_OBJC_WEAK = YES;
				CLANG_WARN_BLOCK_CAPTURE_AUTORELEASING = YES;
				CLANG_WARN_BOOL_CONVERSION = YES;
				CLANG_WARN_COMMA = YES;
				CLANG_WARN_CONSTANT_CONVERSION = YES;
				CLANG_WARN_DEPRECATED_OBJC_IMPLEMENTATIONS = YES;
				CLANG_WARN_DIRECT_OBJC_ISA_USAGE = YES_ERROR;
				CLANG_WARN_DOCUMENTATION_COMMENTS = YES;
				CLANG_WARN_EMPTY_BODY = YES;
				CLANG_WARN_ENUM_CONVERSION = YES;
				CLANG_WARN_INFINITE_RECURSION = YES;
				CLANG_WARN_INT_CONVERSION = YES;
				CLANG_WARN_NON_LITERAL_NULL_CONVERSION = YES;
				CLANG_WARN_OBJC_IMPLICIT_RETAIN_SELF = YES;
				CLANG_WARN_OBJC_LITERAL_CONVERSION = YES;
				CLANG_WARN_OBJC_ROOT_CLASS = YES_ERROR;
				CLANG_WARN_QUOTED_INCLUDE_IN_FRAMEWORK_HEADER = YES;
				CLANG_WARN_RANGE_LOOP_ANALYSIS = YES;
				CLANG_WARN_STRICT_PROTOTYPES = YES;
				CLANG_WARN_SUSPICIOUS_MOVE = YES;
				CLANG_WARN_UNGUARDED_AVAILABILITY = YES_AGGRESSIVE;
				CLANG_WARN_UNREACHABLE_CODE = YES;
				CLANG_WARN__DUPLICATE_METHOD_MATCH = YES;
				COPY_PHASE_STRIP = NO;
				DEBUG_INFORMATION_FORMAT = "dwarf-with-dsym";
				ENABLE_NS_ASSERTIONS = NO;
				ENABLE_STRICT_OBJC_MSGSEND = YES;
				ENABLE_USER_SCRIPT_SANDBOXING = YES;
				GCC_C_LANGUAGE_STANDARD = gnu17;
				GCC_NO_COMMON_BLOCKS = YES;
				GCC_WARN_64_TO_32_BIT_CONVERSION = YES;
				GCC_WARN_ABOUT_RETURN_TYPE = YES_ERROR;
				GCC_WARN_UNDECLARED_SELECTOR = YES;
				GCC_WARN_UNINITIALIZED_AUTOS = YES_AGGRESSIVE;
				GCC_WARN_UNUSED_FUNCTION = YES;
				GCC_WARN_UNUSED_VARIABLE = YES;
				IPHONEOS_DEPLOYMENT_TARGET = 17.2;
				LOCALIZATION_PREFERS_STRING_CATALOGS = YES;
				MTL_ENABLE_DEBUG_INFO = NO;
				MTL_FAST_MATH = YES;
				SDKROOT = iphoneos;
				SWIFT_COMPILATION_MODE = wholemodule;
				VALIDATE_PRODUCT = YES;
			};
			name = Release;
		};
		5BFD0BB12B6E8234000EA2FA /* Debug */ = {
			isa = XCBuildConfiguration;
			buildSettings = {
				ASSETCATALOG_COMPILER_APPICON_NAME = AppIcon;
				ASSETCATALOG_COMPILER_GLOBAL_ACCENT_COLOR_NAME = AccentColor;
				CODE_SIGN_STYLE = Automatic;
				CURRENT_PROJECT_VERSION = 1;
				DEVELOPMENT_ASSET_PATHS = "\"RewriteVersion4/Preview Content\"";
				DEVELOPMENT_TEAM = 55259ULBY3;
				ENABLE_PREVIEWS = YES;
				GENERATE_INFOPLIST_FILE = YES;
				INFOPLIST_KEY_LSApplicationCategoryType = "public.app-category.utilities";
				INFOPLIST_KEY_UIApplicationSceneManifest_Generation = YES;
				INFOPLIST_KEY_UIApplicationSupportsIndirectInputEvents = YES;
				INFOPLIST_KEY_UILaunchScreen_Generation = YES;
				INFOPLIST_KEY_UILaunchStoryboardName = "Launch Screen.storyboard";
				INFOPLIST_KEY_UISupportedInterfaceOrientations = UIInterfaceOrientationPortrait;
				INFOPLIST_KEY_UISupportedInterfaceOrientations_iPad = "UIInterfaceOrientationLandscapeLeft UIInterfaceOrientationLandscapeRight UIInterfaceOrientationPortrait UIInterfaceOrientationPortraitUpsideDown";
				LD_RUNPATH_SEARCH_PATHS = (
					"$(inherited)",
					"@executable_path/Frameworks",
				);
				MARKETING_VERSION = 1.0;
				PRODUCT_BUNDLE_IDENTIFIER = DragonFireWelding.RewriteVersion4;
				PRODUCT_NAME = "$(TARGET_NAME)";
				SWIFT_EMIT_LOC_STRINGS = YES;
				SWIFT_VERSION = 5.0;
				TARGETED_DEVICE_FAMILY = "1,2";
			};
			name = Debug;
		};
		5BFD0BB22B6E8234000EA2FA /* Release */ = {
			isa = XCBuildConfiguration;
			buildSettings = {
				ASSETCATALOG_COMPILER_APPICON_NAME = AppIcon;
				ASSETCATALOG_COMPILER_GLOBAL_ACCENT_COLOR_NAME = AccentColor;
				CODE_SIGN_STYLE = Automatic;
				CURRENT_PROJECT_VERSION = 1;
				DEVELOPMENT_ASSET_PATHS = "\"RewriteVersion4/Preview Content\"";
				DEVELOPMENT_TEAM = 55259ULBY3;
				ENABLE_PREVIEWS = YES;
				GENERATE_INFOPLIST_FILE = YES;
				INFOPLIST_KEY_LSApplicationCategoryType = "public.app-category.utilities";
				INFOPLIST_KEY_UIApplicationSceneManifest_Generation = YES;
				INFOPLIST_KEY_UIApplicationSupportsIndirectInputEvents = YES;
				INFOPLIST_KEY_UILaunchScreen_Generation = YES;
				INFOPLIST_KEY_UILaunchStoryboardName = "Launch Screen.storyboard";
				INFOPLIST_KEY_UISupportedInterfaceOrientations = UIInterfaceOrientationPortrait;
				INFOPLIST_KEY_UISupportedInterfaceOrientations_iPad = "UIInterfaceOrientationLandscapeLeft UIInterfaceOrientationLandscapeRight UIInterfaceOrientationPortrait UIInterfaceOrientationPortraitUpsideDown";
				LD_RUNPATH_SEARCH_PATHS = (
					"$(inherited)",
					"@executable_path/Frameworks",
				);
				MARKETING_VERSION = 1.0;
				PRODUCT_BUNDLE_IDENTIFIER = DragonFireWelding.RewriteVersion4;
				PRODUCT_NAME = "$(TARGET_NAME)";
				SWIFT_EMIT_LOC_STRINGS = YES;
				SWIFT_VERSION = 5.0;
				TARGETED_DEVICE_FAMILY = "1,2";
			};
			name = Release;
		};
		5BFD0BB42B6E8234000EA2FA /* Debug */ = {
			isa = XCBuildConfiguration;
			buildSettings = {
				ALWAYS_EMBED_SWIFT_STANDARD_LIBRARIES = YES;
				BUNDLE_LOADER = "$(TEST_HOST)";
				CODE_SIGN_STYLE = Automatic;
				CURRENT_PROJECT_VERSION = 1;
				DEVELOPMENT_TEAM = 55259ULBY3;
				GENERATE_INFOPLIST_FILE = YES;
				IPHONEOS_DEPLOYMENT_TARGET = 17.2;
				MARKETING_VERSION = 1.0;
				PRODUCT_BUNDLE_IDENTIFIER = DragonFireWelding.RewriteVersion4Tests;
				PRODUCT_NAME = "$(TARGET_NAME)";
				SWIFT_EMIT_LOC_STRINGS = NO;
				SWIFT_VERSION = 5.0;
				TARGETED_DEVICE_FAMILY = "1,2";
				TEST_HOST = "$(BUILT_PRODUCTS_DIR)/RewriteVersion4.app/$(BUNDLE_EXECUTABLE_FOLDER_PATH)/RewriteVersion4";
			};
			name = Debug;
		};
		5BFD0BB52B6E8234000EA2FA /* Release */ = {
			isa = XCBuildConfiguration;
			buildSettings = {
				ALWAYS_EMBED_SWIFT_STANDARD_LIBRARIES = YES;
				BUNDLE_LOADER = "$(TEST_HOST)";
				CODE_SIGN_STYLE = Automatic;
				CURRENT_PROJECT_VERSION = 1;
				DEVELOPMENT_TEAM = 55259ULBY3;
				GENERATE_INFOPLIST_FILE = YES;
				IPHONEOS_DEPLOYMENT_TARGET = 17.2;
				MARKETING_VERSION = 1.0;
				PRODUCT_BUNDLE_IDENTIFIER = DragonFireWelding.RewriteVersion4Tests;
				PRODUCT_NAME = "$(TARGET_NAME)";
				SWIFT_EMIT_LOC_STRINGS = NO;
				SWIFT_VERSION = 5.0;
				TARGETED_DEVICE_FAMILY = "1,2";
				TEST_HOST = "$(BUILT_PRODUCTS_DIR)/RewriteVersion4.app/$(BUNDLE_EXECUTABLE_FOLDER_PATH)/RewriteVersion4";
			};
			name = Release;
		};
		5BFD0BB72B6E8234000EA2FA /* Debug */ = {
			isa = XCBuildConfiguration;
			buildSettings = {
				ALWAYS_EMBED_SWIFT_STANDARD_LIBRARIES = YES;
				CODE_SIGN_STYLE = Automatic;
				CURRENT_PROJECT_VERSION = 1;
				DEVELOPMENT_TEAM = 55259ULBY3;
				GENERATE_INFOPLIST_FILE = YES;
				MARKETING_VERSION = 1.0;
				PRODUCT_BUNDLE_IDENTIFIER = DragonFireWelding.RewriteVersion4UITests;
				PRODUCT_NAME = "$(TARGET_NAME)";
				SWIFT_EMIT_LOC_STRINGS = NO;
				SWIFT_VERSION = 5.0;
				TARGETED_DEVICE_FAMILY = "1,2";
				TEST_TARGET_NAME = RewriteVersion4;
			};
			name = Debug;
		};
		5BFD0BB82B6E8234000EA2FA /* Release */ = {
			isa = XCBuildConfiguration;
			buildSettings = {
				ALWAYS_EMBED_SWIFT_STANDARD_LIBRARIES = YES;
				CODE_SIGN_STYLE = Automatic;
				CURRENT_PROJECT_VERSION = 1;
				DEVELOPMENT_TEAM = 55259ULBY3;
				GENERATE_INFOPLIST_FILE = YES;
				MARKETING_VERSION = 1.0;
				PRODUCT_BUNDLE_IDENTIFIER = DragonFireWelding.RewriteVersion4UITests;
				PRODUCT_NAME = "$(TARGET_NAME)";
				SWIFT_EMIT_LOC_STRINGS = NO;
				SWIFT_VERSION = 5.0;
				TARGETED_DEVICE_FAMILY = "1,2";
				TEST_TARGET_NAME = RewriteVersion4;
			};
			name = Release;
		};
/* End XCBuildConfiguration section */

/* Begin XCConfigurationList section */
		5BFD0B872B6E8231000EA2FA /* Build configuration list for PBXProject "RewriteVersion4" */ = {
			isa = XCConfigurationList;
			buildConfigurations = (
				5BFD0BAE2B6E8234000EA2FA /* Debug */,
				5BFD0BAF2B6E8234000EA2FA /* Release */,
			);
			defaultConfigurationIsVisible = 0;
			defaultConfigurationName = Release;
		};
		5BFD0BB02B6E8234000EA2FA /* Build configuration list for PBXNativeTarget "RewriteVersion4" */ = {
			isa = XCConfigurationList;
			buildConfigurations = (
				5BFD0BB12B6E8234000EA2FA /* Debug */,
				5BFD0BB22B6E8234000EA2FA /* Release */,
			);
			defaultConfigurationIsVisible = 0;
			defaultConfigurationName = Release;
		};
		5BFD0BB32B6E8234000EA2FA /* Build configuration list for PBXNativeTarget "RewriteVersion4Tests" */ = {
			isa = XCConfigurationList;
			buildConfigurations = (
				5BFD0BB42B6E8234000EA2FA /* Debug */,
				5BFD0BB52B6E8234000EA2FA /* Release */,
			);
			defaultConfigurationIsVisible = 0;
			defaultConfigurationName = Release;
		};
		5BFD0BB62B6E8234000EA2FA /* Build configuration list for PBXNativeTarget "RewriteVersion4UITests" */ = {
			isa = XCConfigurationList;
			buildConfigurations = (
				5BFD0BB72B6E8234000EA2FA /* Debug */,
				5BFD0BB82B6E8234000EA2FA /* Release */,
			);
			defaultConfigurationIsVisible = 0;
			defaultConfigurationName = Release;
		};
/* End XCConfigurationList section */
	};
	rootObject = 5BFD0B842B6E8231000EA2FA /* Project object */;
}
